// !$*UTF8*$!
{
	archiveVersion = 1;
	classes = {
	};
	objectVersion = 46;
	objects = {

/* Begin PBXBuildFile section */
		578298131E57B23E00957DFE /* NYCEventCalendarModel.swift in Sources */ = {isa = PBXBuildFile; fileRef = 578298121E57B23E00957DFE /* NYCEventCalendarModel.swift */; };
		6C941DA6A184A6B3B8944084 /* Pods_HandyAccess.framework in Frameworks */ = {isa = PBXBuildFile; fileRef = 20E4356D11DCC426CCC9452F /* Pods_HandyAccess.framework */; };
		9CB2794C1E579BD600634BD6 /* AppDelegate.swift in Sources */ = {isa = PBXBuildFile; fileRef = 9CB2794B1E579BD600634BD6 /* AppDelegate.swift */; };
		9CB279531E579BD600634BD6 /* Assets.xcassets in Resources */ = {isa = PBXBuildFile; fileRef = 9CB279521E579BD600634BD6 /* Assets.xcassets */; };
		9CB279561E579BD600634BD6 /* LaunchScreen.storyboard in Resources */ = {isa = PBXBuildFile; fileRef = 9CB279541E579BD600634BD6 /* LaunchScreen.storyboard */; };
		9CB2795E1E57B45100634BD6 /* MapViewController.swift in Sources */ = {isa = PBXBuildFile; fileRef = 9CB2795D1E57B45100634BD6 /* MapViewController.swift */; };
		9CB279841E58011C00634BD6 /* EventsViewController.swift in Sources */ = {isa = PBXBuildFile; fileRef = 9CB279831E58011C00634BD6 /* EventsViewController.swift */; };
		9CB279861E58014E00634BD6 /* ResourcesTableViewController.swift in Sources */ = {isa = PBXBuildFile; fileRef = 9CB279851E58014E00634BD6 /* ResourcesTableViewController.swift */; };
		9CB279881E58018800634BD6 /* ProfileFavoritesViewController.swift in Sources */ = {isa = PBXBuildFile; fileRef = 9CB279871E58018800634BD6 /* ProfileFavoritesViewController.swift */; };
		9CB2798B1E5801CC00634BD6 /* APIRequestManager.swift in Sources */ = {isa = PBXBuildFile; fileRef = 9CB2798A1E5801CC00634BD6 /* APIRequestManager.swift */; };
		9CB2798D1E5801D400634BD6 /* Parks.swift in Sources */ = {isa = PBXBuildFile; fileRef = 9CB2798C1E5801D400634BD6 /* Parks.swift */; };
		A704199E1E579F3600E44C18 /* GoogleService-Info.plist in Resources */ = {isa = PBXBuildFile; fileRef = A704199D1E579F3600E44C18 /* GoogleService-Info.plist */; };
		A70419A01E57B1EB00E44C18 /* SocialService.swift in Sources */ = {isa = PBXBuildFile; fileRef = A704199F1E57B1EB00E44C18 /* SocialService.swift */; };
		A70419A21E57B23200E44C18 /* APIRequestManager.swift in Sources */ = {isa = PBXBuildFile; fileRef = A70419A11E57B23200E44C18 /* APIRequestManager.swift */; };
		A70419A41E57D75A00E44C18 /* SocialServiceJSON.swift in Sources */ = {isa = PBXBuildFile; fileRef = A70419A31E57D75A00E44C18 /* SocialServiceJSON.swift */; };
		A78AB7491E57E6160024E9C6 /* SocialServicesTableViewController.swift in Sources */ = {isa = PBXBuildFile; fileRef = A78AB7481E57E6160024E9C6 /* SocialServicesTableViewController.swift */; };
		A78AB74B1E580F4C0024E9C6 /* SocialServiceTableViewCell.swift in Sources */ = {isa = PBXBuildFile; fileRef = A78AB74A1E580F4C0024E9C6 /* SocialServiceTableViewCell.swift */; };
/* End PBXBuildFile section */

/* Begin PBXCopyFilesBuildPhase section */
		578298101E57AC7A00957DFE /* Embed Frameworks */ = {
			isa = PBXCopyFilesBuildPhase;
			buildActionMask = 2147483647;
			dstPath = "";
			dstSubfolderSpec = 10;
			files = (
			);
			name = "Embed Frameworks";
			runOnlyForDeploymentPostprocessing = 0;
		};
/* End PBXCopyFilesBuildPhase section */

/* Begin PBXFileReference section */
		20E4356D11DCC426CCC9452F /* Pods_HandyAccess.framework */ = {isa = PBXFileReference; explicitFileType = wrapper.framework; includeInIndex = 0; path = Pods_HandyAccess.framework; sourceTree = BUILT_PRODUCTS_DIR; };
		578298121E57B23E00957DFE /* NYCEventCalendarModel.swift */ = {isa = PBXFileReference; fileEncoding = 4; lastKnownFileType = sourcecode.swift; path = NYCEventCalendarModel.swift; sourceTree = "<group>"; };
		5FA80A2FDEB6CAD81D5511EF /* Pods-HandyAccess.debug.xcconfig */ = {isa = PBXFileReference; includeInIndex = 1; lastKnownFileType = text.xcconfig; name = "Pods-HandyAccess.debug.xcconfig"; path = "Pods/Target Support Files/Pods-HandyAccess/Pods-HandyAccess.debug.xcconfig"; sourceTree = "<group>"; };
		9CB279481E579BD600634BD6 /* HandyAccess.app */ = {isa = PBXFileReference; explicitFileType = wrapper.application; includeInIndex = 0; path = HandyAccess.app; sourceTree = BUILT_PRODUCTS_DIR; };
		9CB2794B1E579BD600634BD6 /* AppDelegate.swift */ = {isa = PBXFileReference; lastKnownFileType = sourcecode.swift; path = AppDelegate.swift; sourceTree = "<group>"; };
		9CB279521E579BD600634BD6 /* Assets.xcassets */ = {isa = PBXFileReference; lastKnownFileType = folder.assetcatalog; path = Assets.xcassets; sourceTree = "<group>"; };
		9CB279551E579BD600634BD6 /* Base */ = {isa = PBXFileReference; lastKnownFileType = file.storyboard; name = Base; path = Base.lproj/LaunchScreen.storyboard; sourceTree = "<group>"; };
		9CB279571E579BD600634BD6 /* Info.plist */ = {isa = PBXFileReference; lastKnownFileType = text.plist.xml; path = Info.plist; sourceTree = "<group>"; };
		9CB2795D1E57B45100634BD6 /* MapViewController.swift */ = {isa = PBXFileReference; fileEncoding = 4; lastKnownFileType = sourcecode.swift; path = MapViewController.swift; sourceTree = "<group>"; };
		9CB279831E58011C00634BD6 /* EventsViewController.swift */ = {isa = PBXFileReference; fileEncoding = 4; lastKnownFileType = sourcecode.swift; path = EventsViewController.swift; sourceTree = "<group>"; };
		9CB279851E58014E00634BD6 /* ResourcesTableViewController.swift */ = {isa = PBXFileReference; fileEncoding = 4; lastKnownFileType = sourcecode.swift; path = ResourcesTableViewController.swift; sourceTree = "<group>"; };
		9CB279871E58018800634BD6 /* ProfileFavoritesViewController.swift */ = {isa = PBXFileReference; fileEncoding = 4; lastKnownFileType = sourcecode.swift; path = ProfileFavoritesViewController.swift; sourceTree = "<group>"; };
		9CB2798A1E5801CC00634BD6 /* APIRequestManager.swift */ = {isa = PBXFileReference; fileEncoding = 4; lastKnownFileType = sourcecode.swift; path = APIRequestManager.swift; sourceTree = "<group>"; };
		9CB2798C1E5801D400634BD6 /* Parks.swift */ = {isa = PBXFileReference; fileEncoding = 4; lastKnownFileType = sourcecode.swift; path = Parks.swift; sourceTree = "<group>"; };
		A704199D1E579F3600E44C18 /* GoogleService-Info.plist */ = {isa = PBXFileReference; fileEncoding = 4; lastKnownFileType = text.plist.xml; path = "GoogleService-Info.plist"; sourceTree = "<group>"; };
		A704199F1E57B1EB00E44C18 /* SocialService.swift */ = {isa = PBXFileReference; fileEncoding = 4; lastKnownFileType = sourcecode.swift; path = SocialService.swift; sourceTree = "<group>"; };
		A70419A11E57B23200E44C18 /* APIRequestManager.swift */ = {isa = PBXFileReference; fileEncoding = 4; lastKnownFileType = sourcecode.swift; path = APIRequestManager.swift; sourceTree = "<group>"; };
		A70419A31E57D75A00E44C18 /* SocialServiceJSON.swift */ = {isa = PBXFileReference; fileEncoding = 4; lastKnownFileType = sourcecode.swift; path = SocialServiceJSON.swift; sourceTree = "<group>"; };
		A78AB7481E57E6160024E9C6 /* SocialServicesTableViewController.swift */ = {isa = PBXFileReference; fileEncoding = 4; lastKnownFileType = sourcecode.swift; path = SocialServicesTableViewController.swift; sourceTree = "<group>"; };
		A78AB74A1E580F4C0024E9C6 /* SocialServiceTableViewCell.swift */ = {isa = PBXFileReference; fileEncoding = 4; lastKnownFileType = sourcecode.swift; path = SocialServiceTableViewCell.swift; sourceTree = "<group>"; };
		D5B28F5447074BAA85D57B5C /* Pods-HandyAccess.release.xcconfig */ = {isa = PBXFileReference; includeInIndex = 1; lastKnownFileType = text.xcconfig; name = "Pods-HandyAccess.release.xcconfig"; path = "Pods/Target Support Files/Pods-HandyAccess/Pods-HandyAccess.release.xcconfig"; sourceTree = "<group>"; };
/* End PBXFileReference section */

/* Begin PBXFrameworksBuildPhase section */
		9CB279451E579BD600634BD6 /* Frameworks */ = {
			isa = PBXFrameworksBuildPhase;
			buildActionMask = 2147483647;
			files = (
				6C941DA6A184A6B3B8944084 /* Pods_HandyAccess.framework in Frameworks */,
			);
			runOnlyForDeploymentPostprocessing = 0;
		};
/* End PBXFrameworksBuildPhase section */

/* Begin PBXGroup section */
		16FD5684D112030D9A1A83B8 /* Pods */ = {
			isa = PBXGroup;
			children = (
				5FA80A2FDEB6CAD81D5511EF /* Pods-HandyAccess.debug.xcconfig */,
				D5B28F5447074BAA85D57B5C /* Pods-HandyAccess.release.xcconfig */,
			);
			name = Pods;
			sourceTree = "<group>";
		};
		578298111E57B01000957DFE /* Supporting Files */ = {
			isa = PBXGroup;
			children = (
			);
			name = "Supporting Files";
			sourceTree = "<group>";
		};
		7B198433BD89ABEF228EBFEB /* Frameworks */ = {
			isa = PBXGroup;
			children = (
				20E4356D11DCC426CCC9452F /* Pods_HandyAccess.framework */,
			);
			name = Frameworks;
			sourceTree = "<group>";
		};
		9CB2793F1E579BD600634BD6 = {
			isa = PBXGroup;
			children = (
				9CB2794A1E579BD600634BD6 /* HandyAccess */,
				9CB279491E579BD600634BD6 /* Products */,
				16FD5684D112030D9A1A83B8 /* Pods */,
				7B198433BD89ABEF228EBFEB /* Frameworks */,
			);
			sourceTree = "<group>";
		};
		9CB279491E579BD600634BD6 /* Products */ = {
			isa = PBXGroup;
			children = (
				9CB279481E579BD600634BD6 /* HandyAccess.app */,
			);
			name = Products;
			sourceTree = "<group>";
		};
		9CB2794A1E579BD600634BD6 /* HandyAccess */ = {
			isa = PBXGroup;
			children = (
				578298141E588F3300957DFE /* MainViewController.swift */,
				9CB2794D1E579BD600634BD6 /* ViewController.swift */,
				A704199F1E57B1EB00E44C18 /* SocialService.swift */,
				A78AB7481E57E6160024E9C6 /* SocialServicesTableViewController.swift */,
				A78AB74A1E580F4C0024E9C6 /* SocialServiceTableViewCell.swift */,
				A70419A11E57B23200E44C18 /* APIRequestManager.swift */,
				A70419A31E57D75A00E44C18 /* SocialServiceJSON.swift */,
				578298121E57B23E00957DFE /* NYCEventCalendarModel.swift */,
				578298111E57B01000957DFE /* Supporting Files */,
				9CB2794B1E579BD600634BD6 /* AppDelegate.swift */,
				9CB2798E1E5801E300634BD6 /* Models */,
				9CB279891E58019800634BD6 /* View Controllers */,
				9CB279521E579BD600634BD6 /* Assets.xcassets */,
				9CB279541E579BD600634BD6 /* LaunchScreen.storyboard */,
				9CB279571E579BD600634BD6 /* Info.plist */,
				A704199D1E579F3600E44C18 /* GoogleService-Info.plist */,
			);
			path = HandyAccess;
			sourceTree = "<group>";
		};
		9CB279891E58019800634BD6 /* View Controllers */ = {
			isa = PBXGroup;
			children = (
				9CB279831E58011C00634BD6 /* EventsViewController.swift */,
				9CB279851E58014E00634BD6 /* ResourcesTableViewController.swift */,
				9CB279871E58018800634BD6 /* ProfileFavoritesViewController.swift */,
				9CB2795D1E57B45100634BD6 /* MapViewController.swift */,
			);
			name = "View Controllers";
			sourceTree = "<group>";
		};
		9CB2798E1E5801E300634BD6 /* Models */ = {
			isa = PBXGroup;
			children = (
				9CB2798A1E5801CC00634BD6 /* APIRequestManager.swift */,
				9CB2798C1E5801D400634BD6 /* Parks.swift */,
				578298121E57B23E00957DFE /* NYCEventCalendarModel.swift */,
			);
			name = Models;
			sourceTree = "<group>";
		};
/* End PBXGroup section */

/* Begin PBXNativeTarget section */
		9CB279471E579BD600634BD6 /* HandyAccess */ = {
			isa = PBXNativeTarget;
			buildConfigurationList = 9CB2795A1E579BD600634BD6 /* Build configuration list for PBXNativeTarget "HandyAccess" */;
			buildPhases = (
				E6DC31A7ADA8EAE1C17275D1 /* [CP] Check Pods Manifest.lock */,
				9CB279441E579BD600634BD6 /* Sources */,
				9CB279451E579BD600634BD6 /* Frameworks */,
				9CB279461E579BD600634BD6 /* Resources */,
				F4D6E0D506B7D0C9D42B637D /* [CP] Embed Pods Frameworks */,
				873B85E6F585905EAB5EED0E /* [CP] Copy Pods Resources */,
				578298101E57AC7A00957DFE /* Embed Frameworks */,
			);
			buildRules = (
			);
			dependencies = (
			);
			name = HandyAccess;
			productName = HandyAccess;
			productReference = 9CB279481E579BD600634BD6 /* HandyAccess.app */;
			productType = "com.apple.product-type.application";
		};
/* End PBXNativeTarget section */

/* Begin PBXProject section */
		9CB279401E579BD600634BD6 /* Project object */ = {
			isa = PBXProject;
			attributes = {
				LastSwiftUpdateCheck = 0820;
				LastUpgradeCheck = 0820;
				ORGANIZATIONNAME = NYCHandyAccess;
				TargetAttributes = {
					9CB279471E579BD600634BD6 = {
						CreatedOnToolsVersion = 8.2.1;
						ProvisioningStyle = Automatic;
					};
				};
			};
			buildConfigurationList = 9CB279431E579BD600634BD6 /* Build configuration list for PBXProject "HandyAccess" */;
			compatibilityVersion = "Xcode 3.2";
			developmentRegion = English;
			hasScannedForEncodings = 0;
			knownRegions = (
				en,
				Base,
			);
			mainGroup = 9CB2793F1E579BD600634BD6;
			productRefGroup = 9CB279491E579BD600634BD6 /* Products */;
			projectDirPath = "";
			projectRoot = "";
			targets = (
				9CB279471E579BD600634BD6 /* HandyAccess */,
			);
		};
/* End PBXProject section */

/* Begin PBXResourcesBuildPhase section */
		9CB279461E579BD600634BD6 /* Resources */ = {
			isa = PBXResourcesBuildPhase;
			buildActionMask = 2147483647;
			files = (
				9CB279561E579BD600634BD6 /* LaunchScreen.storyboard in Resources */,
				A704199E1E579F3600E44C18 /* GoogleService-Info.plist in Resources */,
				9CB279531E579BD600634BD6 /* Assets.xcassets in Resources */,
			);
			runOnlyForDeploymentPostprocessing = 0;
		};
/* End PBXResourcesBuildPhase section */

/* Begin PBXShellScriptBuildPhase section */
		873B85E6F585905EAB5EED0E /* [CP] Copy Pods Resources */ = {
			isa = PBXShellScriptBuildPhase;
			buildActionMask = 2147483647;
			files = (
			);
			inputPaths = (
			);
			name = "[CP] Copy Pods Resources";
			outputPaths = (
			);
			runOnlyForDeploymentPostprocessing = 0;
			shellPath = /bin/sh;
			shellScript = "\"${SRCROOT}/Pods/Target Support Files/Pods-HandyAccess/Pods-HandyAccess-resources.sh\"\n";
			showEnvVarsInLog = 0;
		};
		E6DC31A7ADA8EAE1C17275D1 /* [CP] Check Pods Manifest.lock */ = {
			isa = PBXShellScriptBuildPhase;
			buildActionMask = 2147483647;
			files = (
			);
			inputPaths = (
			);
			name = "[CP] Check Pods Manifest.lock";
			outputPaths = (
			);
			runOnlyForDeploymentPostprocessing = 0;
			shellPath = /bin/sh;
			shellScript = "diff \"${PODS_ROOT}/../Podfile.lock\" \"${PODS_ROOT}/Manifest.lock\" > /dev/null\nif [ $? != 0 ] ; then\n    # print error to STDERR\n    echo \"error: The sandbox is not in sync with the Podfile.lock. Run 'pod install' or update your CocoaPods installation.\" >&2\n    exit 1\nfi\n";
			showEnvVarsInLog = 0;
		};
		F4D6E0D506B7D0C9D42B637D /* [CP] Embed Pods Frameworks */ = {
			isa = PBXShellScriptBuildPhase;
			buildActionMask = 2147483647;
			files = (
			);
			inputPaths = (
			);
			name = "[CP] Embed Pods Frameworks";
			outputPaths = (
			);
			runOnlyForDeploymentPostprocessing = 0;
			shellPath = /bin/sh;
			shellScript = "\"${SRCROOT}/Pods/Target Support Files/Pods-HandyAccess/Pods-HandyAccess-frameworks.sh\"\n";
			showEnvVarsInLog = 0;
		};
/* End PBXShellScriptBuildPhase section */

/* Begin PBXSourcesBuildPhase section */
		9CB279441E579BD600634BD6 /* Sources */ = {
			isa = PBXSourcesBuildPhase;
			buildActionMask = 2147483647;
			files = (
				A78AB7491E57E6160024E9C6 /* SocialServicesTableViewController.swift in Sources */,
				A70419A41E57D75A00E44C18 /* SocialServiceJSON.swift in Sources */,
				A70419A21E57B23200E44C18 /* APIRequestManager.swift in Sources */,
				A70419A01E57B1EB00E44C18 /* SocialService.swift in Sources */,
				A78AB74B1E580F4C0024E9C6 /* SocialServiceTableViewCell.swift in Sources */,
				578298131E57B23E00957DFE /* NYCEventCalendarModel.swift in Sources */,
				9CB2798B1E5801CC00634BD6 /* APIRequestManager.swift in Sources */,
				9CB279841E58011C00634BD6 /* EventsViewController.swift in Sources */,
				9CB279881E58018800634BD6 /* ProfileFavoritesViewController.swift in Sources */,
				9CB2795E1E57B45100634BD6 /* MapViewController.swift in Sources */,
				9CB2798D1E5801D400634BD6 /* Parks.swift in Sources */,
				9CB279861E58014E00634BD6 /* ResourcesTableViewController.swift in Sources */,
				9CB2794C1E579BD600634BD6 /* AppDelegate.swift in Sources */,
			);
			runOnlyForDeploymentPostprocessing = 0;
		};
/* End PBXSourcesBuildPhase section */

/* Begin PBXVariantGroup section */
		9CB279541E579BD600634BD6 /* LaunchScreen.storyboard */ = {
			isa = PBXVariantGroup;
			children = (
				9CB279551E579BD600634BD6 /* Base */,
			);
			name = LaunchScreen.storyboard;
			sourceTree = "<group>";
		};
/* End PBXVariantGroup section */

/* Begin XCBuildConfiguration section */
		9CB279581E579BD600634BD6 /* Debug */ = {
			isa = XCBuildConfiguration;
			buildSettings = {
				ALWAYS_SEARCH_USER_PATHS = NO;
				CLANG_ANALYZER_NONNULL = YES;
				CLANG_CXX_LANGUAGE_STANDARD = "gnu++0x";
				CLANG_CXX_LIBRARY = "libc++";
				CLANG_ENABLE_MODULES = YES;
				CLANG_ENABLE_OBJC_ARC = YES;
				CLANG_WARN_BOOL_CONVERSION = YES;
				CLANG_WARN_CONSTANT_CONVERSION = YES;
				CLANG_WARN_DIRECT_OBJC_ISA_USAGE = YES_ERROR;
				CLANG_WARN_DOCUMENTATION_COMMENTS = YES;
				CLANG_WARN_EMPTY_BODY = YES;
				CLANG_WARN_ENUM_CONVERSION = YES;
				CLANG_WARN_INFINITE_RECURSION = YES;
				CLANG_WARN_INT_CONVERSION = YES;
				CLANG_WARN_OBJC_ROOT_CLASS = YES_ERROR;
				CLANG_WARN_SUSPICIOUS_MOVE = YES;
				CLANG_WARN_UNREACHABLE_CODE = YES;
				CLANG_WARN__DUPLICATE_METHOD_MATCH = YES;
				"CODE_SIGN_IDENTITY[sdk=iphoneos*]" = "iPhone Developer";
				COPY_PHASE_STRIP = NO;
				DEBUG_INFORMATION_FORMAT = dwarf;
				ENABLE_STRICT_OBJC_MSGSEND = YES;
				ENABLE_TESTABILITY = YES;
				GCC_C_LANGUAGE_STANDARD = gnu99;
				GCC_DYNAMIC_NO_PIC = NO;
				GCC_NO_COMMON_BLOCKS = YES;
				GCC_OPTIMIZATION_LEVEL = 0;
				GCC_PREPROCESSOR_DEFINITIONS = (
					"DEBUG=1",
					"$(inherited)",
				);
				GCC_WARN_64_TO_32_BIT_CONVERSION = YES;
				GCC_WARN_ABOUT_RETURN_TYPE = YES_ERROR;
				GCC_WARN_UNDECLARED_SELECTOR = YES;
				GCC_WARN_UNINITIALIZED_AUTOS = YES_AGGRESSIVE;
				GCC_WARN_UNUSED_FUNCTION = YES;
				GCC_WARN_UNUSED_VARIABLE = YES;
				IPHONEOS_DEPLOYMENT_TARGET = 10.2;
				MTL_ENABLE_DEBUG_INFO = YES;
				ONLY_ACTIVE_ARCH = YES;
				SDKROOT = iphoneos;
				SWIFT_ACTIVE_COMPILATION_CONDITIONS = DEBUG;
				SWIFT_OPTIMIZATION_LEVEL = "-Onone";
				TARGETED_DEVICE_FAMILY = "1,2";
			};
			name = Debug;
		};
		9CB279591E579BD600634BD6 /* Release */ = {
			isa = XCBuildConfiguration;
			buildSettings = {
				ALWAYS_SEARCH_USER_PATHS = NO;
				CLANG_ANALYZER_NONNULL = YES;
				CLANG_CXX_LANGUAGE_STANDARD = "gnu++0x";
				CLANG_CXX_LIBRARY = "libc++";
				CLANG_ENABLE_MODULES = YES;
				CLANG_ENABLE_OBJC_ARC = YES;
				CLANG_WARN_BOOL_CONVERSION = YES;
				CLANG_WARN_CONSTANT_CONVERSION = YES;
				CLANG_WARN_DIRECT_OBJC_ISA_USAGE = YES_ERROR;
				CLANG_WARN_DOCUMENTATION_COMMENTS = YES;
				CLANG_WARN_EMPTY_BODY = YES;
				CLANG_WARN_ENUM_CONVERSION = YES;
				CLANG_WARN_INFINITE_RECURSION = YES;
				CLANG_WARN_INT_CONVERSION = YES;
				CLANG_WARN_OBJC_ROOT_CLASS = YES_ERROR;
				CLANG_WARN_SUSPICIOUS_MOVE = YES;
				CLANG_WARN_UNREACHABLE_CODE = YES;
				CLANG_WARN__DUPLICATE_METHOD_MATCH = YES;
				"CODE_SIGN_IDENTITY[sdk=iphoneos*]" = "iPhone Developer";
				COPY_PHASE_STRIP = NO;
				DEBUG_INFORMATION_FORMAT = "dwarf-with-dsym";
				ENABLE_NS_ASSERTIONS = NO;
				ENABLE_STRICT_OBJC_MSGSEND = YES;
				GCC_C_LANGUAGE_STANDARD = gnu99;
				GCC_NO_COMMON_BLOCKS = YES;
				GCC_WARN_64_TO_32_BIT_CONVERSION = YES;
				GCC_WARN_ABOUT_RETURN_TYPE = YES_ERROR;
				GCC_WARN_UNDECLARED_SELECTOR = YES;
				GCC_WARN_UNINITIALIZED_AUTOS = YES_AGGRESSIVE;
				GCC_WARN_UNUSED_FUNCTION = YES;
				GCC_WARN_UNUSED_VARIABLE = YES;
				IPHONEOS_DEPLOYMENT_TARGET = 10.2;
				MTL_ENABLE_DEBUG_INFO = NO;
				SDKROOT = iphoneos;
				SWIFT_OPTIMIZATION_LEVEL = "-Owholemodule";
				TARGETED_DEVICE_FAMILY = "1,2";
				VALIDATE_PRODUCT = YES;
			};
			name = Release;
		};
		9CB2795B1E579BD600634BD6 /* Debug */ = {
			isa = XCBuildConfiguration;
			baseConfigurationReference = 5FA80A2FDEB6CAD81D5511EF /* Pods-HandyAccess.debug.xcconfig */;
			buildSettings = {
				ASSETCATALOG_COMPILER_APPICON_NAME = AppIcon;
				FRAMEWORK_SEARCH_PATHS = (
					"$(inherited)",
					"$(PROJECT_DIR)",
				);
				INFOPLIST_FILE = HandyAccess/Info.plist;
				IPHONEOS_DEPLOYMENT_TARGET = 10.0;
				LD_RUNPATH_SEARCH_PATHS = "$(inherited) @executable_path/Frameworks";
				PRODUCT_BUNDLE_IDENTIFIER = c4q.HandyAccess;
				PRODUCT_NAME = "$(TARGET_NAME)";
				SWIFT_VERSION = 3.0;
			};
			name = Debug;
		};
		9CB2795C1E579BD600634BD6 /* Release */ = {
			isa = XCBuildConfiguration;
			baseConfigurationReference = D5B28F5447074BAA85D57B5C /* Pods-HandyAccess.release.xcconfig */;
			buildSettings = {
				ASSETCATALOG_COMPILER_APPICON_NAME = AppIcon;
				FRAMEWORK_SEARCH_PATHS = (
					"$(inherited)",
					"$(PROJECT_DIR)",
				);
				INFOPLIST_FILE = HandyAccess/Info.plist;
				IPHONEOS_DEPLOYMENT_TARGET = 10.0;
				LD_RUNPATH_SEARCH_PATHS = "$(inherited) @executable_path/Frameworks";
				PRODUCT_BUNDLE_IDENTIFIER = c4q.HandyAccess;
				PRODUCT_NAME = "$(TARGET_NAME)";
				SWIFT_VERSION = 3.0;
			};
			name = Release;
		};
/* End XCBuildConfiguration section */

/* Begin XCConfigurationList section */
		9CB279431E579BD600634BD6 /* Build configuration list for PBXProject "HandyAccess" */ = {
			isa = XCConfigurationList;
			buildConfigurations = (
				9CB279581E579BD600634BD6 /* Debug */,
				9CB279591E579BD600634BD6 /* Release */,
			);
			defaultConfigurationIsVisible = 0;
			defaultConfigurationName = Release;
		};
		9CB2795A1E579BD600634BD6 /* Build configuration list for PBXNativeTarget "HandyAccess" */ = {
			isa = XCConfigurationList;
			buildConfigurations = (
				9CB2795B1E579BD600634BD6 /* Debug */,
				9CB2795C1E579BD600634BD6 /* Release */,
			);
			defaultConfigurationIsVisible = 0;
			defaultConfigurationName = Release;
		};
/* End XCConfigurationList section */
	};
	rootObject = 9CB279401E579BD600634BD6 /* Project object */;
}
